// !$*UTF8*$!
{
	archiveVersion = 1;
	classes = {
	};
	objectVersion = 56;
	objects = {

/* Begin PBXBuildFile section */
		C9C25F4EF7E8F5446A6D52B4 /* Pods_MemoTests.framework in Frameworks */ = {isa = PBXBuildFile; fileRef = E216F3F9C879822146460AFD /* Pods_MemoTests.framework */; };
		D0221D0F29C914F300C608FE /* AppDelegate.swift in Sources */ = {isa = PBXBuildFile; fileRef = D0221D0E29C914F300C608FE /* AppDelegate.swift */; };
		D0221D1129C914F300C608FE /* SceneDelegate.swift in Sources */ = {isa = PBXBuildFile; fileRef = D0221D1029C914F300C608FE /* SceneDelegate.swift */; };
		D0221D1329C914F300C608FE /* ViewController.swift in Sources */ = {isa = PBXBuildFile; fileRef = D0221D1229C914F300C608FE /* ViewController.swift */; };
		D0221D1629C914F300C608FE /* Main.storyboard in Resources */ = {isa = PBXBuildFile; fileRef = D0221D1429C914F300C608FE /* Main.storyboard */; };
		D0221D1829C914F700C608FE /* Assets.xcassets in Resources */ = {isa = PBXBuildFile; fileRef = D0221D1729C914F700C608FE /* Assets.xcassets */; };
		D0221D1B29C914F700C608FE /* LaunchScreen.storyboard in Resources */ = {isa = PBXBuildFile; fileRef = D0221D1929C914F700C608FE /* LaunchScreen.storyboard */; };
		D0221D2629C914F800C608FE /* MemoTests.swift in Sources */ = {isa = PBXBuildFile; fileRef = D0221D2529C914F800C608FE /* MemoTests.swift */; };
		D0221D3029C914F800C608FE /* MemoUITests.swift in Sources */ = {isa = PBXBuildFile; fileRef = D0221D2F29C914F800C608FE /* MemoUITests.swift */; };
		D0221D3229C914F800C608FE /* MemoUITestsLaunchTests.swift in Sources */ = {isa = PBXBuildFile; fileRef = D0221D3129C914F800C608FE /* MemoUITestsLaunchTests.swift */; };
		D0221D4229CB847800C608FE /* ParseSwift in Frameworks */ = {isa = PBXBuildFile; productRef = D0221D4129CB847800C608FE /* ParseSwift */; };
		E48E88D7B29F436B597CB427 /* Pods_Memo_MemoUITests.framework in Frameworks */ = {isa = PBXBuildFile; fileRef = C6AACBA358D99534EEFD61AD /* Pods_Memo_MemoUITests.framework */; };
		ED6375E4E18B426DCD68BCD4 /* Pods_Memo.framework in Frameworks */ = {isa = PBXBuildFile; fileRef = 90CA5780BFA64414F11A9CBE /* Pods_Memo.framework */; };
/* End PBXBuildFile section */

/* Begin PBXContainerItemProxy section */
		D0221D2229C914F800C608FE /* PBXContainerItemProxy */ = {
			isa = PBXContainerItemProxy;
			containerPortal = D0221D0329C914F300C608FE /* Project object */;
			proxyType = 1;
			remoteGlobalIDString = D0221D0A29C914F300C608FE;
			remoteInfo = Memo;
		};
		D0221D2C29C914F800C608FE /* PBXContainerItemProxy */ = {
			isa = PBXContainerItemProxy;
			containerPortal = D0221D0329C914F300C608FE /* Project object */;
			proxyType = 1;
			remoteGlobalIDString = D0221D0A29C914F300C608FE;
			remoteInfo = Memo;
		};
/* End PBXContainerItemProxy section */

/* Begin PBXFileReference section */
		06AC24718C420AD37AACBE43 /* Pods-Memo-MemoUITests.debug.xcconfig */ = {isa = PBXFileReference; includeInIndex = 1; lastKnownFileType = text.xcconfig; name = "Pods-Memo-MemoUITests.debug.xcconfig"; path = "Target Support Files/Pods-Memo-MemoUITests/Pods-Memo-MemoUITests.debug.xcconfig"; sourceTree = "<group>"; };
		0B9C916A07DD3D31D73D4FC6 /* Pods-Memo.debug.xcconfig */ = {isa = PBXFileReference; includeInIndex = 1; lastKnownFileType = text.xcconfig; name = "Pods-Memo.debug.xcconfig"; path = "Target Support Files/Pods-Memo/Pods-Memo.debug.xcconfig"; sourceTree = "<group>"; };
		3E49CF2BDFBC6A1C9E78F010 /* Pods-Memo-MemoUITests.release.xcconfig */ = {isa = PBXFileReference; includeInIndex = 1; lastKnownFileType = text.xcconfig; name = "Pods-Memo-MemoUITests.release.xcconfig"; path = "Target Support Files/Pods-Memo-MemoUITests/Pods-Memo-MemoUITests.release.xcconfig"; sourceTree = "<group>"; };
		4101B2CEDE1D01526260D411 /* Pods-Memo.release.xcconfig */ = {isa = PBXFileReference; includeInIndex = 1; lastKnownFileType = text.xcconfig; name = "Pods-Memo.release.xcconfig"; path = "Target Support Files/Pods-Memo/Pods-Memo.release.xcconfig"; sourceTree = "<group>"; };
		47FA9A2CEE676BD835E0B014 /* Pods-MemoTests.debug.xcconfig */ = {isa = PBXFileReference; includeInIndex = 1; lastKnownFileType = text.xcconfig; name = "Pods-MemoTests.debug.xcconfig"; path = "Target Support Files/Pods-MemoTests/Pods-MemoTests.debug.xcconfig"; sourceTree = "<group>"; };
		90CA5780BFA64414F11A9CBE /* Pods_Memo.framework */ = {isa = PBXFileReference; explicitFileType = wrapper.framework; includeInIndex = 0; path = Pods_Memo.framework; sourceTree = BUILT_PRODUCTS_DIR; };
		C6AACBA358D99534EEFD61AD /* Pods_Memo_MemoUITests.framework */ = {isa = PBXFileReference; explicitFileType = wrapper.framework; includeInIndex = 0; path = Pods_Memo_MemoUITests.framework; sourceTree = BUILT_PRODUCTS_DIR; };
		D0221D0B29C914F300C608FE /* Memo.app */ = {isa = PBXFileReference; explicitFileType = wrapper.application; includeInIndex = 0; path = Memo.app; sourceTree = BUILT_PRODUCTS_DIR; };
		D0221D0E29C914F300C608FE /* AppDelegate.swift */ = {isa = PBXFileReference; lastKnownFileType = sourcecode.swift; path = AppDelegate.swift; sourceTree = "<group>"; };
		D0221D1029C914F300C608FE /* SceneDelegate.swift */ = {isa = PBXFileReference; lastKnownFileType = sourcecode.swift; path = SceneDelegate.swift; sourceTree = "<group>"; };
		D0221D1229C914F300C608FE /* ViewController.swift */ = {isa = PBXFileReference; lastKnownFileType = sourcecode.swift; path = ViewController.swift; sourceTree = "<group>"; };
		D0221D1529C914F300C608FE /* Base */ = {isa = PBXFileReference; lastKnownFileType = file.storyboard; name = Base; path = Base.lproj/Main.storyboard; sourceTree = "<group>"; };
		D0221D1729C914F700C608FE /* Assets.xcassets */ = {isa = PBXFileReference; lastKnownFileType = folder.assetcatalog; path = Assets.xcassets; sourceTree = "<group>"; };
		D0221D1A29C914F700C608FE /* Base */ = {isa = PBXFileReference; lastKnownFileType = file.storyboard; name = Base; path = Base.lproj/LaunchScreen.storyboard; sourceTree = "<group>"; };
		D0221D1C29C914F700C608FE /* Info.plist */ = {isa = PBXFileReference; lastKnownFileType = text.plist.xml; path = Info.plist; sourceTree = "<group>"; };
		D0221D2129C914F800C608FE /* MemoTests.xctest */ = {isa = PBXFileReference; explicitFileType = wrapper.cfbundle; includeInIndex = 0; path = MemoTests.xctest; sourceTree = BUILT_PRODUCTS_DIR; };
		D0221D2529C914F800C608FE /* MemoTests.swift */ = {isa = PBXFileReference; lastKnownFileType = sourcecode.swift; path = MemoTests.swift; sourceTree = "<group>"; };
		D0221D2B29C914F800C608FE /* MemoUITests.xctest */ = {isa = PBXFileReference; explicitFileType = wrapper.cfbundle; includeInIndex = 0; path = MemoUITests.xctest; sourceTree = BUILT_PRODUCTS_DIR; };
		D0221D2F29C914F800C608FE /* MemoUITests.swift */ = {isa = PBXFileReference; lastKnownFileType = sourcecode.swift; path = MemoUITests.swift; sourceTree = "<group>"; };
		D0221D3129C914F800C608FE /* MemoUITestsLaunchTests.swift */ = {isa = PBXFileReference; lastKnownFileType = sourcecode.swift; path = MemoUITestsLaunchTests.swift; sourceTree = "<group>"; };
		E216F3F9C879822146460AFD /* Pods_MemoTests.framework */ = {isa = PBXFileReference; explicitFileType = wrapper.framework; includeInIndex = 0; path = Pods_MemoTests.framework; sourceTree = BUILT_PRODUCTS_DIR; };
		EBE8383B4E94FB2228CA48EB /* Pods-MemoTests.release.xcconfig */ = {isa = PBXFileReference; includeInIndex = 1; lastKnownFileType = text.xcconfig; name = "Pods-MemoTests.release.xcconfig"; path = "Target Support Files/Pods-MemoTests/Pods-MemoTests.release.xcconfig"; sourceTree = "<group>"; };
/* End PBXFileReference section */

/* Begin PBXFrameworksBuildPhase section */
		D0221D0829C914F300C608FE /* Frameworks */ = {
			isa = PBXFrameworksBuildPhase;
			buildActionMask = 2147483647;
			files = (
				D0221D4229CB847800C608FE /* ParseSwift in Frameworks */,
				ED6375E4E18B426DCD68BCD4 /* Pods_Memo.framework in Frameworks */,
			);
			runOnlyForDeploymentPostprocessing = 0;
		};
		D0221D1E29C914F800C608FE /* Frameworks */ = {
			isa = PBXFrameworksBuildPhase;
			buildActionMask = 2147483647;
			files = (
				C9C25F4EF7E8F5446A6D52B4 /* Pods_MemoTests.framework in Frameworks */,
			);
			runOnlyForDeploymentPostprocessing = 0;
		};
		D0221D2829C914F800C608FE /* Frameworks */ = {
			isa = PBXFrameworksBuildPhase;
			buildActionMask = 2147483647;
			files = (
				E48E88D7B29F436B597CB427 /* Pods_Memo_MemoUITests.framework in Frameworks */,
			);
			runOnlyForDeploymentPostprocessing = 0;
		};
/* End PBXFrameworksBuildPhase section */

/* Begin PBXGroup section */
		427FA0B3D03F2DA2F6521D51 /* Pods */ = {
			isa = PBXGroup;
			children = (
				0B9C916A07DD3D31D73D4FC6 /* Pods-Memo.debug.xcconfig */,
				4101B2CEDE1D01526260D411 /* Pods-Memo.release.xcconfig */,
				06AC24718C420AD37AACBE43 /* Pods-Memo-MemoUITests.debug.xcconfig */,
				3E49CF2BDFBC6A1C9E78F010 /* Pods-Memo-MemoUITests.release.xcconfig */,
				47FA9A2CEE676BD835E0B014 /* Pods-MemoTests.debug.xcconfig */,
				EBE8383B4E94FB2228CA48EB /* Pods-MemoTests.release.xcconfig */,
			);
			path = Pods;
			sourceTree = "<group>";
		};
		62AB3ED2D399432DAB1798B1 /* Frameworks */ = {
			isa = PBXGroup;
			children = (
				90CA5780BFA64414F11A9CBE /* Pods_Memo.framework */,
				C6AACBA358D99534EEFD61AD /* Pods_Memo_MemoUITests.framework */,
				E216F3F9C879822146460AFD /* Pods_MemoTests.framework */,
			);
			name = Frameworks;
			sourceTree = "<group>";
		};
		D0221D0229C914F300C608FE = {
			isa = PBXGroup;
			children = (
				D0221D0D29C914F300C608FE /* Memo */,
				D0221D2429C914F800C608FE /* MemoTests */,
				D0221D2E29C914F800C608FE /* MemoUITests */,
				D0221D0C29C914F300C608FE /* Products */,
				427FA0B3D03F2DA2F6521D51 /* Pods */,
				62AB3ED2D399432DAB1798B1 /* Frameworks */,
			);
			sourceTree = "<group>";
		};
		D0221D0C29C914F300C608FE /* Products */ = {
			isa = PBXGroup;
			children = (
				D0221D0B29C914F300C608FE /* Memo.app */,
				D0221D2129C914F800C608FE /* MemoTests.xctest */,
				D0221D2B29C914F800C608FE /* MemoUITests.xctest */,
			);
			name = Products;
			sourceTree = "<group>";
		};
		D0221D0D29C914F300C608FE /* Memo */ = {
			isa = PBXGroup;
			children = (
				D0221D0E29C914F300C608FE /* AppDelegate.swift */,
				D0221D1029C914F300C608FE /* SceneDelegate.swift */,
				D0221D1229C914F300C608FE /* ViewController.swift */,
				D0221D1429C914F300C608FE /* Main.storyboard */,
				D0221D1729C914F700C608FE /* Assets.xcassets */,
				D0221D1929C914F700C608FE /* LaunchScreen.storyboard */,
				D0221D1C29C914F700C608FE /* Info.plist */,
			);
			path = Memo;
			sourceTree = "<group>";
		};
		D0221D2429C914F800C608FE /* MemoTests */ = {
			isa = PBXGroup;
			children = (
				D0221D2529C914F800C608FE /* MemoTests.swift */,
			);
			path = MemoTests;
			sourceTree = "<group>";
		};
		D0221D2E29C914F800C608FE /* MemoUITests */ = {
			isa = PBXGroup;
			children = (
				D0221D2F29C914F800C608FE /* MemoUITests.swift */,
				D0221D3129C914F800C608FE /* MemoUITestsLaunchTests.swift */,
			);
			path = MemoUITests;
			sourceTree = "<group>";
		};
/* End PBXGroup section */

/* Begin PBXNativeTarget section */
		D0221D0A29C914F300C608FE /* Memo */ = {
			isa = PBXNativeTarget;
			buildConfigurationList = D0221D3529C914F800C608FE /* Build configuration list for PBXNativeTarget "Memo" */;
			buildPhases = (
				10EEEC43855515BFAE297EAB /* [CP] Check Pods Manifest.lock */,
				D0221D0729C914F300C608FE /* Sources */,
				D0221D0829C914F300C608FE /* Frameworks */,
				D0221D0929C914F300C608FE /* Resources */,
				B56D26B8095C71CAB7E4B4DB /* [CP] Embed Pods Frameworks */,
			);
			buildRules = (
			);
			dependencies = (
			);
			name = Memo;
			packageProductDependencies = (
				D0221D4129CB847800C608FE /* ParseSwift */,
			);
			productName = Memo;
			productReference = D0221D0B29C914F300C608FE /* Memo.app */;
			productType = "com.apple.product-type.application";
		};
		D0221D2029C914F800C608FE /* MemoTests */ = {
			isa = PBXNativeTarget;
			buildConfigurationList = D0221D3829C914F800C608FE /* Build configuration list for PBXNativeTarget "MemoTests" */;
			buildPhases = (
				B47172C22ABF80C38E62562D /* [CP] Check Pods Manifest.lock */,
				D0221D1D29C914F800C608FE /* Sources */,
				D0221D1E29C914F800C608FE /* Frameworks */,
				D0221D1F29C914F800C608FE /* Resources */,
			);
			buildRules = (
			);
			dependencies = (
				D0221D2329C914F800C608FE /* PBXTargetDependency */,
			);
			name = MemoTests;
			productName = MemoTests;
			productReference = D0221D2129C914F800C608FE /* MemoTests.xctest */;
			productType = "com.apple.product-type.bundle.unit-test";
		};
		D0221D2A29C914F800C608FE /* MemoUITests */ = {
			isa = PBXNativeTarget;
			buildConfigurationList = D0221D3B29C914F800C608FE /* Build configuration list for PBXNativeTarget "MemoUITests" */;
			buildPhases = (
				D29B494D52562209EE0F4811 /* [CP] Check Pods Manifest.lock */,
				D0221D2729C914F800C608FE /* Sources */,
				D0221D2829C914F800C608FE /* Frameworks */,
				D0221D2929C914F800C608FE /* Resources */,
				375DF902388412FCA1B933B0 /* [CP] Embed Pods Frameworks */,
			);
			buildRules = (
			);
			dependencies = (
				D0221D2D29C914F800C608FE /* PBXTargetDependency */,
			);
			name = MemoUITests;
			productName = MemoUITests;
			productReference = D0221D2B29C914F800C608FE /* MemoUITests.xctest */;
			productType = "com.apple.product-type.bundle.ui-testing";
		};
/* End PBXNativeTarget section */

/* Begin PBXProject section */
		D0221D0329C914F300C608FE /* Project object */ = {
			isa = PBXProject;
			attributes = {
				BuildIndependentTargetsInParallel = 1;
				LastSwiftUpdateCheck = 1420;
				LastUpgradeCheck = 1420;
				TargetAttributes = {
					D0221D0A29C914F300C608FE = {
						CreatedOnToolsVersion = 14.2;
					};
					D0221D2029C914F800C608FE = {
						CreatedOnToolsVersion = 14.2;
						TestTargetID = D0221D0A29C914F300C608FE;
					};
					D0221D2A29C914F800C608FE = {
						CreatedOnToolsVersion = 14.2;
						TestTargetID = D0221D0A29C914F300C608FE;
					};
				};
			};
			buildConfigurationList = D0221D0629C914F300C608FE /* Build configuration list for PBXProject "Memo" */;
			compatibilityVersion = "Xcode 14.0";
			developmentRegion = en;
			hasScannedForEncodings = 0;
			knownRegions = (
				en,
				Base,
			);
			mainGroup = D0221D0229C914F300C608FE;
			packageReferences = (
				D0221D4029CB847800C608FE /* XCRemoteSwiftPackageReference "Parse-Swift" */,
			);
			productRefGroup = D0221D0C29C914F300C608FE /* Products */;
			projectDirPath = "";
			projectRoot = "";
			targets = (
				D0221D0A29C914F300C608FE /* Memo */,
				D0221D2029C914F800C608FE /* MemoTests */,
				D0221D2A29C914F800C608FE /* MemoUITests */,
			);
		};
/* End PBXProject section */

/* Begin PBXResourcesBuildPhase section */
		D0221D0929C914F300C608FE /* Resources */ = {
			isa = PBXResourcesBuildPhase;
			buildActionMask = 2147483647;
			files = (
				D0221D1B29C914F700C608FE /* LaunchScreen.storyboard in Resources */,
				D0221D1829C914F700C608FE /* Assets.xcassets in Resources */,
				D0221D1629C914F300C608FE /* Main.storyboard in Resources */,
			);
			runOnlyForDeploymentPostprocessing = 0;
		};
		D0221D1F29C914F800C608FE /* Resources */ = {
			isa = PBXResourcesBuildPhase;
			buildActionMask = 2147483647;
			files = (
			);
			runOnlyForDeploymentPostprocessing = 0;
		};
		D0221D2929C914F800C608FE /* Resources */ = {
			isa = PBXResourcesBuildPhase;
			buildActionMask = 2147483647;
			files = (
			);
			runOnlyForDeploymentPostprocessing = 0;
		};
/* End PBXResourcesBuildPhase section */

/* Begin PBXShellScriptBuildPhase section */
		10EEEC43855515BFAE297EAB /* [CP] Check Pods Manifest.lock */ = {
			isa = PBXShellScriptBuildPhase;
			buildActionMask = 2147483647;
			files = (
			);
			inputFileListPaths = (
			);
			inputPaths = (
				"${PODS_PODFILE_DIR_PATH}/Podfile.lock",
				"${PODS_ROOT}/Manifest.lock",
			);
			name = "[CP] Check Pods Manifest.lock";
			outputFileListPaths = (
			);
			outputPaths = (
				"$(DERIVED_FILE_DIR)/Pods-Memo-checkManifestLockResult.txt",
			);
			runOnlyForDeploymentPostprocessing = 0;
			shellPath = /bin/sh;
			shellScript = "diff \"${PODS_PODFILE_DIR_PATH}/Podfile.lock\" \"${PODS_ROOT}/Manifest.lock\" > /dev/null\nif [ $? != 0 ] ; then\n    # print error to STDERR\n    echo \"error: The sandbox is not in sync with the Podfile.lock. Run 'pod install' or update your CocoaPods installation.\" >&2\n    exit 1\nfi\n# This output is used by Xcode 'outputs' to avoid re-running this script phase.\necho \"SUCCESS\" > \"${SCRIPT_OUTPUT_FILE_0}\"\n";
			showEnvVarsInLog = 0;
		};
		375DF902388412FCA1B933B0 /* [CP] Embed Pods Frameworks */ = {
			isa = PBXShellScriptBuildPhase;
			buildActionMask = 2147483647;
			files = (
			);
			inputFileListPaths = (
				"${PODS_ROOT}/Target Support Files/Pods-Memo-MemoUITests/Pods-Memo-MemoUITests-frameworks-${CONFIGURATION}-input-files.xcfilelist",
			);
			name = "[CP] Embed Pods Frameworks";
			outputFileListPaths = (
				"${PODS_ROOT}/Target Support Files/Pods-Memo-MemoUITests/Pods-Memo-MemoUITests-frameworks-${CONFIGURATION}-output-files.xcfilelist",
			);
			runOnlyForDeploymentPostprocessing = 0;
			shellPath = /bin/sh;
			shellScript = "\"${PODS_ROOT}/Target Support Files/Pods-Memo-MemoUITests/Pods-Memo-MemoUITests-frameworks.sh\"\n";
			showEnvVarsInLog = 0;
		};
		B47172C22ABF80C38E62562D /* [CP] Check Pods Manifest.lock */ = {
			isa = PBXShellScriptBuildPhase;
			buildActionMask = 2147483647;
			files = (
			);
			inputFileListPaths = (
			);
			inputPaths = (
				"${PODS_PODFILE_DIR_PATH}/Podfile.lock",
				"${PODS_ROOT}/Manifest.lock",
			);
			name = "[CP] Check Pods Manifest.lock";
			outputFileListPaths = (
			);
			outputPaths = (
				"$(DERIVED_FILE_DIR)/Pods-MemoTests-checkManifestLockResult.txt",
			);
			runOnlyForDeploymentPostprocessing = 0;
			shellPath = /bin/sh;
			shellScript = "diff \"${PODS_PODFILE_DIR_PATH}/Podfile.lock\" \"${PODS_ROOT}/Manifest.lock\" > /dev/null\nif [ $? != 0 ] ; then\n    # print error to STDERR\n    echo \"error: The sandbox is not in sync with the Podfile.lock. Run 'pod install' or update your CocoaPods installation.\" >&2\n    exit 1\nfi\n# This output is used by Xcode 'outputs' to avoid re-running this script phase.\necho \"SUCCESS\" > \"${SCRIPT_OUTPUT_FILE_0}\"\n";
			showEnvVarsInLog = 0;
		};
		B56D26B8095C71CAB7E4B4DB /* [CP] Embed Pods Frameworks */ = {
			isa = PBXShellScriptBuildPhase;
			buildActionMask = 2147483647;
			files = (
			);
			inputFileListPaths = (
				"${PODS_ROOT}/Target Support Files/Pods-Memo/Pods-Memo-frameworks-${CONFIGURATION}-input-files.xcfilelist",
			);
			name = "[CP] Embed Pods Frameworks";
			outputFileListPaths = (
				"${PODS_ROOT}/Target Support Files/Pods-Memo/Pods-Memo-frameworks-${CONFIGURATION}-output-files.xcfilelist",
			);
			runOnlyForDeploymentPostprocessing = 0;
			shellPath = /bin/sh;
			shellScript = "\"${PODS_ROOT}/Target Support Files/Pods-Memo/Pods-Memo-frameworks.sh\"\n";
			showEnvVarsInLog = 0;
		};
		D29B494D52562209EE0F4811 /* [CP] Check Pods Manifest.lock */ = {
			isa = PBXShellScriptBuildPhase;
			buildActionMask = 2147483647;
			files = (
			);
			inputFileListPaths = (
			);
			inputPaths = (
				"${PODS_PODFILE_DIR_PATH}/Podfile.lock",
				"${PODS_ROOT}/Manifest.lock",
			);
			name = "[CP] Check Pods Manifest.lock";
			outputFileListPaths = (
			);
			outputPaths = (
				"$(DERIVED_FILE_DIR)/Pods-Memo-MemoUITests-checkManifestLockResult.txt",
			);
			runOnlyForDeploymentPostprocessing = 0;
			shellPath = /bin/sh;
			shellScript = "diff \"${PODS_PODFILE_DIR_PATH}/Podfile.lock\" \"${PODS_ROOT}/Manifest.lock\" > /dev/null\nif [ $? != 0 ] ; then\n    # print error to STDERR\n    echo \"error: The sandbox is not in sync with the Podfile.lock. Run 'pod install' or update your CocoaPods installation.\" >&2\n    exit 1\nfi\n# This output is used by Xcode 'outputs' to avoid re-running this script phase.\necho \"SUCCESS\" > \"${SCRIPT_OUTPUT_FILE_0}\"\n";
			showEnvVarsInLog = 0;
		};
/* End PBXShellScriptBuildPhase section */

/* Begin PBXSourcesBuildPhase section */
		D0221D0729C914F300C608FE /* Sources */ = {
			isa = PBXSourcesBuildPhase;
			buildActionMask = 2147483647;
			files = (
				D0221D1329C914F300C608FE /* ViewController.swift in Sources */,
				D0221D0F29C914F300C608FE /* AppDelegate.swift in Sources */,
				D0221D1129C914F300C608FE /* SceneDelegate.swift in Sources */,
			);
			runOnlyForDeploymentPostprocessing = 0;
		};
		D0221D1D29C914F800C608FE /* Sources */ = {
			isa = PBXSourcesBuildPhase;
			buildActionMask = 2147483647;
			files = (
				D0221D2629C914F800C608FE /* MemoTests.swift in Sources */,
			);
			runOnlyForDeploymentPostprocessing = 0;
		};
		D0221D2729C914F800C608FE /* Sources */ = {
			isa = PBXSourcesBuildPhase;
			buildActionMask = 2147483647;
			files = (
				D0221D3229C914F800C608FE /* MemoUITestsLaunchTests.swift in Sources */,
				D0221D3029C914F800C608FE /* MemoUITests.swift in Sources */,
			);
			runOnlyForDeploymentPostprocessing = 0;
		};
/* End PBXSourcesBuildPhase section */

/* Begin PBXTargetDependency section */
		D0221D2329C914F800C608FE /* PBXTargetDependency */ = {
			isa = PBXTargetDependency;
			target = D0221D0A29C914F300C608FE /* Memo */;
			targetProxy = D0221D2229C914F800C608FE /* PBXContainerItemProxy */;
		};
		D0221D2D29C914F800C608FE /* PBXTargetDependency */ = {
			isa = PBXTargetDependency;
			target = D0221D0A29C914F300C608FE /* Memo */;
			targetProxy = D0221D2C29C914F800C608FE /* PBXContainerItemProxy */;
		};
/* End PBXTargetDependency section */

/* Begin PBXVariantGroup section */
		D0221D1429C914F300C608FE /* Main.storyboard */ = {
			isa = PBXVariantGroup;
			children = (
				D0221D1529C914F300C608FE /* Base */,
			);
			name = Main.storyboard;
			sourceTree = "<group>";
		};
		D0221D1929C914F700C608FE /* LaunchScreen.storyboard */ = {
			isa = PBXVariantGroup;
			children = (
				D0221D1A29C914F700C608FE /* Base */,
			);
			name = LaunchScreen.storyboard;
			sourceTree = "<group>";
		};
/* End PBXVariantGroup section */

/* Begin XCBuildConfiguration section */
		D0221D3329C914F800C608FE /* Debug */ = {
			isa = XCBuildConfiguration;
			buildSettings = {
				ALWAYS_SEARCH_USER_PATHS = NO;
				CLANG_ANALYZER_NONNULL = YES;
				CLANG_ANALYZER_NUMBER_OBJECT_CONVERSION = YES_AGGRESSIVE;
				CLANG_CXX_LANGUAGE_STANDARD = "gnu++20";
				CLANG_ENABLE_MODULES = YES;
				CLANG_ENABLE_OBJC_ARC = YES;
				CLANG_ENABLE_OBJC_WEAK = YES;
				CLANG_WARN_BLOCK_CAPTURE_AUTORELEASING = YES;
				CLANG_WARN_BOOL_CONVERSION = YES;
				CLANG_WARN_COMMA = YES;
				CLANG_WARN_CONSTANT_CONVERSION = YES;
				CLANG_WARN_DEPRECATED_OBJC_IMPLEMENTATIONS = YES;
				CLANG_WARN_DIRECT_OBJC_ISA_USAGE = YES_ERROR;
				CLANG_WARN_DOCUMENTATION_COMMENTS = YES;
				CLANG_WARN_EMPTY_BODY = YES;
				CLANG_WARN_ENUM_CONVERSION = YES;
				CLANG_WARN_INFINITE_RECURSION = YES;
				CLANG_WARN_INT_CONVERSION = YES;
				CLANG_WARN_NON_LITERAL_NULL_CONVERSION = YES;
				CLANG_WARN_OBJC_IMPLICIT_RETAIN_SELF = YES;
				CLANG_WARN_OBJC_LITERAL_CONVERSION = YES;
				CLANG_WARN_OBJC_ROOT_CLASS = YES_ERROR;
				CLANG_WARN_QUOTED_INCLUDE_IN_FRAMEWORK_HEADER = YES;
				CLANG_WARN_RANGE_LOOP_ANALYSIS = YES;
				CLANG_WARN_STRICT_PROTOTYPES = YES;
				CLANG_WARN_SUSPICIOUS_MOVE = YES;
				CLANG_WARN_UNGUARDED_AVAILABILITY = YES_AGGRESSIVE;
				CLANG_WARN_UNREACHABLE_CODE = YES;
				CLANG_WARN__DUPLICATE_METHOD_MATCH = YES;
				COPY_PHASE_STRIP = NO;
				DEBUG_INFORMATION_FORMAT = dwarf;
				ENABLE_STRICT_OBJC_MSGSEND = YES;
				ENABLE_TESTABILITY = YES;
				GCC_C_LANGUAGE_STANDARD = gnu11;
				GCC_DYNAMIC_NO_PIC = NO;
				GCC_NO_COMMON_BLOCKS = YES;
				GCC_OPTIMIZATION_LEVEL = 0;
				GCC_PREPROCESSOR_DEFINITIONS = (
					"DEBUG=1",
					"$(inherited)",
				);
				GCC_WARN_64_TO_32_BIT_CONVERSION = YES;
				GCC_WARN_ABOUT_RETURN_TYPE = YES_ERROR;
				GCC_WARN_UNDECLARED_SELECTOR = YES;
				GCC_WARN_UNINITIALIZED_AUTOS = YES_AGGRESSIVE;
				GCC_WARN_UNUSED_FUNCTION = YES;
				GCC_WARN_UNUSED_VARIABLE = YES;
				IPHONEOS_DEPLOYMENT_TARGET = 16.2;
				MTL_ENABLE_DEBUG_INFO = INCLUDE_SOURCE;
				MTL_FAST_MATH = YES;
				ONLY_ACTIVE_ARCH = YES;
				SDKROOT = iphoneos;
				SWIFT_ACTIVE_COMPILATION_CONDITIONS = DEBUG;
				SWIFT_OPTIMIZATION_LEVEL = "-Onone";
			};
			name = Debug;
		};
		D0221D3429C914F800C608FE /* Release */ = {
			isa = XCBuildConfiguration;
			buildSettings = {
				ALWAYS_SEARCH_USER_PATHS = NO;
				CLANG_ANALYZER_NONNULL = YES;
				CLANG_ANALYZER_NUMBER_OBJECT_CONVERSION = YES_AGGRESSIVE;
				CLANG_CXX_LANGUAGE_STANDARD = "gnu++20";
				CLANG_ENABLE_MODULES = YES;
				CLANG_ENABLE_OBJC_ARC = YES;
				CLANG_ENABLE_OBJC_WEAK = YES;
				CLANG_WARN_BLOCK_CAPTURE_AUTORELEASING = YES;
				CLANG_WARN_BOOL_CONVERSION = YES;
				CLANG_WARN_COMMA = YES;
				CLANG_WARN_CONSTANT_CONVERSION = YES;
				CLANG_WARN_DEPRECATED_OBJC_IMPLEMENTATIONS = YES;
				CLANG_WARN_DIRECT_OBJC_ISA_USAGE = YES_ERROR;
				CLANG_WARN_DOCUMENTATION_COMMENTS = YES;
				CLANG_WARN_EMPTY_BODY = YES;
				CLANG_WARN_ENUM_CONVERSION = YES;
				CLANG_WARN_INFINITE_RECURSION = YES;
				CLANG_WARN_INT_CONVERSION = YES;
				CLANG_WARN_NON_LITERAL_NULL_CONVERSION = YES;
				CLANG_WARN_OBJC_IMPLICIT_RETAIN_SELF = YES;
				CLANG_WARN_OBJC_LITERAL_CONVERSION = YES;
				CLANG_WARN_OBJC_ROOT_CLASS = YES_ERROR;
				CLANG_WARN_QUOTED_INCLUDE_IN_FRAMEWORK_HEADER = YES;
				CLANG_WARN_RANGE_LOOP_ANALYSIS = YES;
				CLANG_WARN_STRICT_PROTOTYPES = YES;
				CLANG_WARN_SUSPICIOUS_MOVE = YES;
				CLANG_WARN_UNGUARDED_AVAILABILITY = YES_AGGRESSIVE;
				CLANG_WARN_UNREACHABLE_CODE = YES;
				CLANG_WARN__DUPLICATE_METHOD_MATCH = YES;
				COPY_PHASE_STRIP = NO;
				DEBUG_INFORMATION_FORMAT = "dwarf-with-dsym";
				ENABLE_NS_ASSERTIONS = NO;
				ENABLE_STRICT_OBJC_MSGSEND = YES;
				GCC_C_LANGUAGE_STANDARD = gnu11;
				GCC_NO_COMMON_BLOCKS = YES;
				GCC_WARN_64_TO_32_BIT_CONVERSION = YES;
				GCC_WARN_ABOUT_RETURN_TYPE = YES_ERROR;
				GCC_WARN_UNDECLARED_SELECTOR = YES;
				GCC_WARN_UNINITIALIZED_AUTOS = YES_AGGRESSIVE;
				GCC_WARN_UNUSED_FUNCTION = YES;
				GCC_WARN_UNUSED_VARIABLE = YES;
				IPHONEOS_DEPLOYMENT_TARGET = 16.2;
				MTL_ENABLE_DEBUG_INFO = NO;
				MTL_FAST_MATH = YES;
				SDKROOT = iphoneos;
				SWIFT_COMPILATION_MODE = wholemodule;
				SWIFT_OPTIMIZATION_LEVEL = "-O";
				VALIDATE_PRODUCT = YES;
			};
			name = Release;
		};
		D0221D3629C914F800C608FE /* Debug */ = {
			isa = XCBuildConfiguration;
			baseConfigurationReference = 0B9C916A07DD3D31D73D4FC6 /* Pods-Memo.debug.xcconfig */;
			buildSettings = {
				ASSETCATALOG_COMPILER_APPICON_NAME = AppIcon;
				ASSETCATALOG_COMPILER_GLOBAL_ACCENT_COLOR_NAME = AccentColor;
				CODE_SIGN_STYLE = Automatic;
				CURRENT_PROJECT_VERSION = 1;
				FRAMEWORK_SEARCH_PATHS = (
					"$(PROJECT_DIR)",
					"$(inherited)",
				);
				GENERATE_INFOPLIST_FILE = YES;
				INFOPLIST_FILE = Memo/Info.plist;
				INFOPLIST_KEY_UIApplicationSupportsIndirectInputEvents = YES;
				INFOPLIST_KEY_UILaunchStoryboardName = LaunchScreen;
				INFOPLIST_KEY_UIMainStoryboardFile = Main;
				INFOPLIST_KEY_UISupportedInterfaceOrientations_iPad = "UIInterfaceOrientationPortrait UIInterfaceOrientationPortraitUpsideDown UIInterfaceOrientationLandscapeLeft UIInterfaceOrientationLandscapeRight";
				INFOPLIST_KEY_UISupportedInterfaceOrientations_iPhone = "UIInterfaceOrientationPortrait UIInterfaceOrientationLandscapeLeft UIInterfaceOrientationLandscapeRight";
				LD_RUNPATH_SEARCH_PATHS = (
					"$(inherited)",
					"@executable_path/Frameworks",
				);
				MARKETING_VERSION = 1.0;
				PRODUCT_BUNDLE_IDENTIFIER = project1.Memo;
				PRODUCT_NAME = "$(TARGET_NAME)";
				SWIFT_EMIT_LOC_STRINGS = YES;
				SWIFT_VERSION = 5.0;
				TARGETED_DEVICE_FAMILY = "1,2";
			};
			name = Debug;
		};
		D0221D3729C914F800C608FE /* Release */ = {
			isa = XCBuildConfiguration;
			baseConfigurationReference = 4101B2CEDE1D01526260D411 /* Pods-Memo.release.xcconfig */;
			buildSettings = {
				ASSETCATALOG_COMPILER_APPICON_NAME = AppIcon;
				ASSETCATALOG_COMPILER_GLOBAL_ACCENT_COLOR_NAME = AccentColor;
				CODE_SIGN_STYLE = Automatic;
				CURRENT_PROJECT_VERSION = 1;
				FRAMEWORK_SEARCH_PATHS = (
					"$(PROJECT_DIR)",
					"$(inherited)",
				);
				GENERATE_INFOPLIST_FILE = YES;
				INFOPLIST_FILE = Memo/Info.plist;
				INFOPLIST_KEY_UIApplicationSupportsIndirectInputEvents = YES;
				INFOPLIST_KEY_UILaunchStoryboardName = LaunchScreen;
				INFOPLIST_KEY_UIMainStoryboardFile = Main;
				INFOPLIST_KEY_UISupportedInterfaceOrientations_iPad = "UIInterfaceOrientationPortrait UIInterfaceOrientationPortraitUpsideDown UIInterfaceOrientationLandscapeLeft UIInterfaceOrientationLandscapeRight";
				INFOPLIST_KEY_UISupportedInterfaceOrientations_iPhone = "UIInterfaceOrientationPortrait UIInterfaceOrientationLandscapeLeft UIInterfaceOrientationLandscapeRight";
				LD_RUNPATH_SEARCH_PATHS = (
					"$(inherited)",
					"@executable_path/Frameworks",
				);
				MARKETING_VERSION = 1.0;
				PRODUCT_BUNDLE_IDENTIFIER = project1.Memo;
				PRODUCT_NAME = "$(TARGET_NAME)";
				SWIFT_EMIT_LOC_STRINGS = YES;
				SWIFT_VERSION = 5.0;
				TARGETED_DEVICE_FAMILY = "1,2";
			};
			name = Release;
		};
		D0221D3929C914F800C608FE /* Debug */ = {
			isa = XCBuildConfiguration;
			baseConfigurationReference = 47FA9A2CEE676BD835E0B014 /* Pods-MemoTests.debug.xcconfig */;
			buildSettings = {
				ALWAYS_EMBED_SWIFT_STANDARD_LIBRARIES = YES;
				BUNDLE_LOADER = "$(TEST_HOST)";
				CODE_SIGN_STYLE = Automatic;
				CURRENT_PROJECT_VERSION = 1;
				GENERATE_INFOPLIST_FILE = YES;
				IPHONEOS_DEPLOYMENT_TARGET = 16.2;
				MARKETING_VERSION = 1.0;
				PRODUCT_BUNDLE_IDENTIFIER = project1.MemoTests;
				PRODUCT_NAME = "$(TARGET_NAME)";
				SWIFT_EMIT_LOC_STRINGS = NO;
				SWIFT_VERSION = 5.0;
				TARGETED_DEVICE_FAMILY = "1,2";
				TEST_HOST = "$(BUILT_PRODUCTS_DIR)/Memo.app/$(BUNDLE_EXECUTABLE_FOLDER_PATH)/Memo";
			};
			name = Debug;
		};
		D0221D3A29C914F800C608FE /* Release */ = {
			isa = XCBuildConfiguration;
			baseConfigurationReference = EBE8383B4E94FB2228CA48EB /* Pods-MemoTests.release.xcconfig */;
			buildSettings = {
				ALWAYS_EMBED_SWIFT_STANDARD_LIBRARIES = YES;
				BUNDLE_LOADER = "$(TEST_HOST)";
				CODE_SIGN_STYLE = Automatic;
				CURRENT_PROJECT_VERSION = 1;
				GENERATE_INFOPLIST_FILE = YES;
				IPHONEOS_DEPLOYMENT_TARGET = 16.2;
				MARKETING_VERSION = 1.0;
				PRODUCT_BUNDLE_IDENTIFIER = project1.MemoTests;
				PRODUCT_NAME = "$(TARGET_NAME)";
				SWIFT_EMIT_LOC_STRINGS = NO;
				SWIFT_VERSION = 5.0;
				TARGETED_DEVICE_FAMILY = "1,2";
				TEST_HOST = "$(BUILT_PRODUCTS_DIR)/Memo.app/$(BUNDLE_EXECUTABLE_FOLDER_PATH)/Memo";
			};
			name = Release;
		};
		D0221D3C29C914F800C608FE /* Debug */ = {
			isa = XCBuildConfiguration;
			baseConfigurationReference = 06AC24718C420AD37AACBE43 /* Pods-Memo-MemoUITests.debug.xcconfig */;
			buildSettings = {
				ALWAYS_EMBED_SWIFT_STANDARD_LIBRARIES = YES;
				CODE_SIGN_STYLE = Automatic;
				CURRENT_PROJECT_VERSION = 1;
				GENERATE_INFOPLIST_FILE = YES;
				MARKETING_VERSION = 1.0;
				PRODUCT_BUNDLE_IDENTIFIER = project1.MemoUITests;
				PRODUCT_NAME = "$(TARGET_NAME)";
				SWIFT_EMIT_LOC_STRINGS = NO;
				SWIFT_VERSION = 5.0;
				TARGETED_DEVICE_FAMILY = "1,2";
				TEST_TARGET_NAME = Memo;
			};
			name = Debug;
		};
		D0221D3D29C914F800C608FE /* Release */ = {
			isa = XCBuildConfiguration;
			baseConfigurationReference = 3E49CF2BDFBC6A1C9E78F010 /* Pods-Memo-MemoUITests.release.xcconfig */;
			buildSettings = {
				ALWAYS_EMBED_SWIFT_STANDARD_LIBRARIES = YES;
				CODE_SIGN_STYLE = Automatic;
				CURRENT_PROJECT_VERSION = 1;
				GENERATE_INFOPLIST_FILE = YES;
				MARKETING_VERSION = 1.0;
				PRODUCT_BUNDLE_IDENTIFIER = project1.MemoUITests;
				PRODUCT_NAME = "$(TARGET_NAME)";
				SWIFT_EMIT_LOC_STRINGS = NO;
				SWIFT_VERSION = 5.0;
				TARGETED_DEVICE_FAMILY = "1,2";
				TEST_TARGET_NAME = Memo;
			};
			name = Release;
		};
/* End XCBuildConfiguration section */

/* Begin XCConfigurationList section */
		D0221D0629C914F300C608FE /* Build configuration list for PBXProject "Memo" */ = {
			isa = XCConfigurationList;
			buildConfigurations = (
				D0221D3329C914F800C608FE /* Debug */,
				D0221D3429C914F800C608FE /* Release */,
			);
			defaultConfigurationIsVisible = 0;
			defaultConfigurationName = Release;
		};
		D0221D3529C914F800C608FE /* Build configuration list for PBXNativeTarget "Memo" */ = {
			isa = XCConfigurationList;
			buildConfigurations = (
				D0221D3629C914F800C608FE /* Debug */,
				D0221D3729C914F800C608FE /* Release */,
			);
			defaultConfigurationIsVisible = 0;
			defaultConfigurationName = Release;
		};
		D0221D3829C914F800C608FE /* Build configuration list for PBXNativeTarget "MemoTests" */ = {
			isa = XCConfigurationList;
			buildConfigurations = (
				D0221D3929C914F800C608FE /* Debug */,
				D0221D3A29C914F800C608FE /* Release */,
			);
			defaultConfigurationIsVisible = 0;
			defaultConfigurationName = Release;
		};
		D0221D3B29C914F800C608FE /* Build configuration list for PBXNativeTarget "MemoUITests" */ = {
			isa = XCConfigurationList;
			buildConfigurations = (
				D0221D3C29C914F800C608FE /* Debug */,
				D0221D3D29C914F800C608FE /* Release */,
			);
			defaultConfigurationIsVisible = 0;
			defaultConfigurationName = Release;
		};
/* End XCConfigurationList section */

/* Begin XCRemoteSwiftPackageReference section */
		D0221D4029CB847800C608FE /* XCRemoteSwiftPackageReference "Parse-Swift" */ = {
			isa = XCRemoteSwiftPackageReference;
			repositoryURL = "https://github.com/parse-community/Parse-Swift";
			requirement = {
				kind = upToNextMajorVersion;
				minimumVersion = 4.0.0;
			};
		};
/* End XCRemoteSwiftPackageReference section */

/* Begin XCSwiftPackageProductDependency section */
		D0221D4129CB847800C608FE /* ParseSwift */ = {
			isa = XCSwiftPackageProductDependency;
			package = D0221D4029CB847800C608FE /* XCRemoteSwiftPackageReference "Parse-Swift" */;
			productName = ParseSwift;
		};
/* End XCSwiftPackageProductDependency section */
	};
	rootObject = D0221D0329C914F300C608FE /* Project object */;
}
